
Microsoft Visual Studio Solution File, Format Version 12.00
# Visual Studio Version 17
VisualStudioVersion = 17.5.33516.290
MinimumVisualStudioVersion = 10.0.40219.1
Project("{FAE04EC0-301F-11D3-BF4B-00C04F79EFBC}") = "BinanceApp", "BinanceApp\BinanceApp.csproj", "{DCF38A7E-DF1E-4A4D-B428-DB3F854D1CCA}"
EndProject
Global
	GlobalSection(SolutionConfigurationPlatforms) = preSolution
		Debug|Any CPU = Debug|Any CPU
		Release|Any CPU = Release|Any CPU
	EndGlobalSection
	GlobalSection(ProjectConfigurationPlatforms) = postSolution
		{DCF38A7E-DF1E-4A4D-B428-DB3F854D1CCA}.Debug|Any CPU.ActiveCfg = Debug|Any CPU
		{DCF38A7E-DF1E-4A4D-B428-DB3F854D1CCA}.Debug|Any CPU.Build.0 = Debug|Any CPU
		{DCF38A7E-DF1E-4A4D-B428-DB3F854D1CCA}.Release|Any CPU.ActiveCfg = Release|Any CPU
		{DCF38A7E-DF1E-4A4D-B428-DB3F854D1CCA}.Release|Any CPU.Build.0 = Release|Any CPU
	EndGlobalSection
	GlobalSection(SolutionProperties) = preSolution
		HideSolutionNode = FALSE
	EndGlobalSection
	GlobalSection(ExtensibilityGlobals) = postSolution
		SolutionGuid = {E7126409-0B1F-4227-A680-4677558787EC}
	EndGlobalSection
EndGlobal
